
Microsoft Visual Studio Solution File, Format Version 12.00
# Visual Studio Version 17
VisualStudioVersion = 17.0.31912.275
MinimumVisualStudioVersion = 10.0.40219.1
Project("{FAE04EC0-301F-11D3-BF4B-00C04F79EFBC}") = "backend-tareas", "backend-tareas\backend-tareas.csproj", "{DC656E67-5E1D-4BF3-A697-BBF77B3D9B6D}"
EndProject
Global
	GlobalSection(SolutionConfigurationPlatforms) = preSolution
		Debug|Any CPU = Debug|Any CPU
		Release|Any CPU = Release|Any CPU
	EndGlobalSection
	GlobalSection(ProjectConfigurationPlatforms) = postSolution
		{DC656E67-5E1D-4BF3-A697-BBF77B3D9B6D}.Debug|Any CPU.ActiveCfg = Debug|Any CPU
		{DC656E67-5E1D-4BF3-A697-BBF77B3D9B6D}.Debug|Any CPU.Build.0 = Debug|Any CPU
		{DC656E67-5E1D-4BF3-A697-BBF77B3D9B6D}.Release|Any CPU.ActiveCfg = Release|Any CPU
		{DC656E67-5E1D-4BF3-A697-BBF77B3D9B6D}.Release|Any CPU.Build.0 = Release|Any CPU
	EndGlobalSection
	GlobalSection(SolutionProperties) = preSolution
		HideSolutionNode = FALSE
	EndGlobalSection
	GlobalSection(ExtensibilityGlobals) = postSolution
		SolutionGuid = {F7DB7BDA-BF31-4C11-B53E-4FC0EEC65D85}
	EndGlobalSection
EndGlobal
